Microsoft Visual Studio Solution File, Format Version 12.00
# Visual Studio 15
VisualStudioVersion = 15.0.27130.2020
MinimumVisualStudioVersion = 15.0.26124.0
Project("{9A19103F-16F7-4668-BE54-9A1E7A4F7556}") = "KrakenCore", "src\KrakenCore.csproj", "{C6D29862-6C90-48AA-9F95-3239E06CA255}"
EndProject
Project("{9A19103F-16F7-4668-BE54-9A1E7A4F7556}") = "KrakenCore.Tests", "tests\KrakenCore.Tests.csproj", "{F362E9A0-26CE-4B78-8146-060FD74FA61A}"
EndProject
Global
	GlobalSection(SolutionConfigurationPlatforms) = preSolution
		Debug|Any CPU = Debug|Any CPU
		Debug|x64 = Debug|x64
		Debug|x86 = Debug|x86
		Release|Any CPU = Release|Any CPU
		Release|x64 = Release|x64
		Release|x86 = Release|x86
	EndGlobalSection
	GlobalSection(ProjectConfigurationPlatforms) = postSolution
		{C6D29862-6C90-48AA-9F95-3239E06CA255}.Debug|Any CPU.ActiveCfg = Debug|Any CPU
		{C6D29862-6C90-48AA-9F95-3239E06CA255}.Debug|Any CPU.Build.0 = Debug|Any CPU
		{C6D29862-6C90-48AA-9F95-3239E06CA255}.Debug|x64.ActiveCfg = Debug|Any CPU
		{C6D29862-6C90-48AA-9F95-3239E06CA255}.Debug|x64.Build.0 = Debug|Any CPU
		{C6D29862-6C90-48AA-9F95-3239E06CA255}.Debug|x86.ActiveCfg = Debug|Any CPU
		{C6D29862-6C90-48AA-9F95-3239E06CA255}.Debug|x86.Build.0 = Debug|Any CPU
		{C6D29862-6C90-48AA-9F95-3239E06CA255}.Release|Any CPU.ActiveCfg = Release|Any CPU
		{C6D29862-6C90-48AA-9F95-3239E06CA255}.Release|Any CPU.Build.0 = Release|Any CPU
		{C6D29862-6C90-48AA-9F95-3239E06CA255}.Release|x64.ActiveCfg = Release|Any CPU
		{C6D29862-6C90-48AA-9F95-3239E06CA255}.Release|x64.Build.0 = Release|Any CPU
		{C6D29862-6C90-48AA-9F95-3239E06CA255}.Release|x86.ActiveCfg = Release|Any CPU
		{C6D29862-6C90-48AA-9F95-3239E06CA255}.Release|x86.Build.0 = Release|Any CPU
		{F362E9A0-26CE-4B78-8146-060FD74FA61A}.Debug|Any CPU.ActiveCfg = Debug|Any CPU
		{F362E9A0-26CE-4B78-8146-060FD74FA61A}.Debug|Any CPU.Build.0 = Debug|Any CPU
		{F362E9A0-26CE-4B78-8146-060FD74FA61A}.Debug|x64.ActiveCfg = Debug|Any CPU
		{F362E9A0-26CE-4B78-8146-060FD74FA61A}.Debug|x64.Build.0 = Debug|Any CPU
		{F362E9A0-26CE-4B78-8146-060FD74FA61A}.Debug|x86.ActiveCfg = Debug|Any CPU
		{F362E9A0-26CE-4B78-8146-060FD74FA61A}.Debug|x86.Build.0 = Debug|Any CPU
		{F362E9A0-26CE-4B78-8146-060FD74FA61A}.Release|Any CPU.ActiveCfg = Release|Any CPU
		{F362E9A0-26CE-4B78-8146-060FD74FA61A}.Release|Any CPU.Build.0 = Release|Any CPU
		{F362E9A0-26CE-4B78-8146-060FD74FA61A}.Release|x64.ActiveCfg = Release|Any CPU
		{F362E9A0-26CE-4B78-8146-060FD74FA61A}.Release|x64.Build.0 = Release|Any CPU
		{F362E9A0-26CE-4B78-8146-060FD74FA61A}.Release|x86.ActiveCfg = Release|Any CPU
		{F362E9A0-26CE-4B78-8146-060FD74FA61A}.Release|x86.Build.0 = Release|Any CPU
	EndGlobalSection
	GlobalSection(SolutionProperties) = preSolution
		HideSolutionNode = FALSE
	EndGlobalSection
	GlobalSection(ExtensibilityGlobals) = postSolution
		SolutionGuid = {957EEC6F-8DC7-471D-AC27-08F313348806}
	EndGlobalSection
EndGlobal
